{
  "lockfileVersion": 1,
  "configVersion": 1,
  "workspaces": {
    "": {
      "name": "web-terminal",
      "dependencies": {
        "@hono/cloudflare-access": "^0.4.0",
        "hono": "^4.12.26",
      },
      "devDependencies": {
        "@codemirror/lang-css": "^6.3.1",
        "@codemirror/lang-html": "^6.4.11",
        "@codemirror/lang-javascript": "^6.2.5",
        "@codemirror/lang-json": "^6.0.2",
        "@codemirror/lang-markdown": "^6.5.0",
        "@codemirror/lang-python": "^6.2.1",
        "@codemirror/merge": "^6.12.2",
        "@codemirror/theme-one-dark": "^6.1.3",
        "bun-types": "latest",
        "codemirror": "^6.0.2",
      },
    },
  },
  "packages": {
    "@codemirror/autocomplete": ["@codemirror/autocomplete@6.20.3", "", { "dependencies": { "@codemirror/language": "^6.0.0", "@codemirror/state": "^6.0.0", "@codemirror/view": "^6.17.0", "@lezer/common": "^1.0.0" } }, "sha512-tlosUqb+3BbxCxZdu4tKeRghPFC+QM7q4X5YhKV2eCmPG+1r2F3f4AaSz5sCrFqUtX4Jh20VFTKecl16MgiV9g=="],

    "@codemirror/commands": ["@codemirror/commands@6.10.3", "", { "dependencies": { "@codemirror/language": "^6.0.0", "@codemirror/state": "^6.6.0", "@codemirror/view": "^6.27.0", "@lezer/common": "^1.1.0" } }, "sha512-JFRiqhKu+bvSkDLI+rUhJwSxQxYb759W5GBezE8Uc8mHLqC9aV/9aTC7yJSqCtB3F00pylrLCwnyS91Ap5ej4Q=="],

    "@codemirror/lang-css": ["@codemirror/lang-css@6.3.1", "", { "dependencies": { "@codemirror/autocomplete": "^6.0.0", "@codemirror/language": "^6.0.0", "@codemirror/state": "^6.0.0", "@lezer/common": "^1.0.2", "@lezer/css": "^1.1.7" } }, "sha512-kr5fwBGiGtmz6l0LSJIbno9QrifNMUusivHbnA1H6Dmqy4HZFte3UAICix1VuKo0lMPKQr2rqB+0BkKi/S3Ejg=="],

    "@codemirror/lang-html": ["@codemirror/lang-html@6.4.11", "", { "dependencies": { "@codemirror/autocomplete": "^6.0.0", "@codemirror/lang-css": "^6.0.0", "@codemirror/lang-javascript": "^6.0.0", "@codemirror/language": "^6.4.0", "@codemirror/state": "^6.0.0", "@codemirror/view": "^6.17.0", "@lezer/common": "^1.0.0", "@lezer/css": "^1.1.0", "@lezer/html": "^1.3.12" } }, "sha512-9NsXp7Nwp891pQchI7gPdTwBuSuT3K65NGTHWHNJ55HjYcHLllr0rbIZNdOzas9ztc1EUVBlHou85FFZS4BNnw=="],

    "@codemirror/lang-javascript": ["@codemirror/lang-javascript@6.2.5", "", { "dependencies": { "@codemirror/autocomplete": "^6.0.0", "@codemirror/language": "^6.6.0", "@codemirror/lint": "^6.0.0", "@codemirror/state": "^6.0.0", "@codemirror/view": "^6.17.0", "@lezer/common": "^1.0.0", "@lezer/javascript": "^1.0.0" } }, "sha512-zD4e5mS+50htS7F+TYjBPsiIFGanfVqg4HyUz6WNFikgOPf2BgKlx+TQedI1w6n/IqRBVBbBWmGFdLB/7uxO4A=="],

    "@codemirror/lang-json": ["@codemirror/lang-json@6.0.2", "", { "dependencies": { "@codemirror/language": "^6.0.0", "@lezer/json": "^1.0.0" } }, "sha512-x2OtO+AvwEHrEwR0FyyPtfDUiloG3rnVTSZV1W8UteaLL8/MajQd8DpvUb2YVzC+/T18aSDv0H9mu+xw0EStoQ=="],

    "@codemirror/lang-markdown": ["@codemirror/lang-markdown@6.5.0", "", { "dependencies": { "@codemirror/autocomplete": "^6.7.1", "@codemirror/lang-html": "^6.0.0", "@codemirror/language": "^6.3.0", "@codemirror/state": "^6.0.0", "@codemirror/view": "^6.0.0", "@lezer/common": "^1.2.1", "@lezer/markdown": "^1.0.0" } }, "sha512-0K40bZ35jpHya6FriukbgaleaqzBLZfOh7HuzqbMxBXkbYMJDxfF39c23xOgxFezR+3G+tR2/Mup+Xk865OMvw=="],

    "@codemirror/lang-python": ["@codemirror/lang-python@6.2.1", "", { "dependencies": { "@codemirror/autocomplete": "^6.3.2", "@codemirror/language": "^6.8.0", "@codemirror/state": "^6.0.0", "@lezer/common": "^1.2.1", "@lezer/python": "^1.1.4" } }, "sha512-IRjC8RUBhn9mGR9ywecNhB51yePWCGgvHfY1lWN/Mrp3cKuHr0isDKia+9HnvhiWNnMpbGhWrkhuWOc09exRyw=="],

    "@codemirror/language": ["@codemirror/language@6.12.3", "", { "dependencies": { "@codemirror/state": "^6.0.0", "@codemirror/view": "^6.23.0", "@lezer/common": "^1.5.0", "@lezer/highlight": "^1.0.0", "@lezer/lr": "^1.0.0", "style-mod": "^4.0.0" } }, "sha512-QwCZW6Tt1siP37Jet9Tb02Zs81TQt6qQrZR2H+eGMcFsL1zMrk2/b9CLC7/9ieP1fjIUMgviLWMmgiHoJrj+ZA=="],

    "@codemirror/lint": ["@codemirror/lint@6.9.7", "", { "dependencies": { "@codemirror/state": "^6.0.0", "@codemirror/view": "^6.42.0", "crelt": "^1.0.5" } }, "sha512-28/+iWLYxKxsvGYhSYL7zaCZqLz5+FFFDq9tVsvGv9kv8RY4fFAchJ5WX9M3YrrRlTIsECjsXPqeNgnSmNP2dg=="],

    "@codemirror/merge": ["@codemirror/merge@6.12.2", "", { "dependencies": { "@codemirror/language": "^6.0.0", "@codemirror/state": "^6.0.0", "@codemirror/view": "^6.17.0", "@lezer/highlight": "^1.0.0", "style-mod": "^4.1.0" } }, "sha512-V8JvyAPjHbPupqP7BeMcsdsYCbyPij74jxIbaIJDORI+VZzW44zFmon8bF+oxGWvOKhcRmkiUMXd8MxHr3YA2w=="],

    "@codemirror/search": ["@codemirror/search@6.7.0", "", { "dependencies": { "@codemirror/state": "^6.0.0", "@codemirror/view": "^6.37.0", "crelt": "^1.0.5" } }, "sha512-ZvGm99wc/s2cITtMT15LFdn8aH/aS+V+DqyGq/N5ZlV5vWtH+nILvC2nw0zX7ByNoHHDZ2IxxdW38O0tc5nVHg=="],

    "@codemirror/state": ["@codemirror/state@6.6.0", "", { "dependencies": { "@marijn/find-cluster-break": "^1.0.0" } }, "sha512-4nbvra5R5EtiCzr9BTHiTLc+MLXK2QGiAVYMyi8PkQd3SR+6ixar/Q/01Fa21TBIDOZXgeWV4WppsQolSreAPQ=="],

    "@codemirror/theme-one-dark": ["@codemirror/theme-one-dark@6.1.3", "", { "dependencies": { "@codemirror/language": "^6.0.0", "@codemirror/state": "^6.0.0", "@codemirror/view": "^6.0.0", "@lezer/highlight": "^1.0.0" } }, "sha512-NzBdIvEJmx6fjeremiGp3t/okrLPYT0d9orIc7AFun8oZcRk58aejkqhv6spnz4MLAevrKNPMQYXEWMg4s+sKA=="],

    "@codemirror/view": ["@codemirror/view@6.43.1", "", { "dependencies": { "@codemirror/state": "^6.6.0", "crelt": "^1.0.6", "style-mod": "^4.1.0", "w3c-keyname": "^2.2.4" } }, "sha512-+BIjw/AG3tDQ4pJgTLPYdAW25eDE66YsvM4LKyVPgGzVgZ4a9Wj1SRX8kPVKgBDdPt8oHtZ15F0qx7p0oOHdHw=="],

    "@hono/cloudflare-access": ["@hono/cloudflare-access@0.4.0", "", { "peerDependencies": { "hono": ">=4.0.0" } }, "sha512-aaXfUOOkdXLcOYn1K3pn2Kt96LSgtUaOfD9ItWjNnsaH5+3bMN12h1bgGy8hQud3aB+u1WKSpEr0Ln+enPQlwA=="],

    "@lezer/common": ["@lezer/common@1.5.2", "", {}, "sha512-sxQE460fPZyU3sdc8lafxiPwJHBzZRy/udNFynGQky1SePYBdhkBl1kOagA9uT3pxR8K09bOrmTUqA9wb/PjSQ=="],

    "@lezer/css": ["@lezer/css@1.3.3", "", { "dependencies": { "@lezer/common": "^1.2.0", "@lezer/highlight": "^1.0.0", "@lezer/lr": "^1.3.0" } }, "sha512-RzBo8r+/6QJeow7aPHIpGVIH59xTcJXp399820gZoMo9noQDRVpJLheIBUicYwKcsbOYoBRoLZlf2720dG/4Tg=="],

    "@lezer/highlight": ["@lezer/highlight@1.2.3", "", { "dependencies": { "@lezer/common": "^1.3.0" } }, "sha512-qXdH7UqTvGfdVBINrgKhDsVTJTxactNNxLk7+UMwZhU13lMHaOBlJe9Vqp907ya56Y3+ed2tlqzys7jDkTmW0g=="],

    "@lezer/html": ["@lezer/html@1.3.13", "", { "dependencies": { "@lezer/common": "^1.2.0", "@lezer/highlight": "^1.0.0", "@lezer/lr": "^1.0.0" } }, "sha512-oI7n6NJml729m7pjm9lvLvmXbdoMoi2f+1pwSDJkl9d68zGr7a9Btz8NdHTGQZtW2DA25ybeuv/SyDb9D5tseg=="],

    "@lezer/javascript": ["@lezer/javascript@1.5.4", "", { "dependencies": { "@lezer/common": "^1.2.0", "@lezer/highlight": "^1.1.3", "@lezer/lr": "^1.3.0" } }, "sha512-vvYx3MhWqeZtGPwDStM2dwgljd5smolYD2lR2UyFcHfxbBQebqx8yjmFmxtJ/E6nN6u1D9srOiVWm3Rb4tmcUA=="],

    "@lezer/json": ["@lezer/json@1.0.3", "", { "dependencies": { "@lezer/common": "^1.2.0", "@lezer/highlight": "^1.0.0", "@lezer/lr": "^1.0.0" } }, "sha512-BP9KzdF9Y35PDpv04r0VeSTKDeox5vVr3efE7eBbx3r4s3oNLfunchejZhjArmeieBH+nVOpgIiBJpEAv8ilqQ=="],

    "@lezer/lr": ["@lezer/lr@1.4.10", "", { "dependencies": { "@lezer/common": "^1.0.0" } }, "sha512-rnCpTIBafOx4mRp43xOxDJbFipJm/c0cia/V5TiGlhmMa+wsSdoGmUN3w5Bqrks/09Q/D4tNAmWaT8p6NRi77A=="],

    "@lezer/markdown": ["@lezer/markdown@1.6.4", "", { "dependencies": { "@lezer/common": "^1.5.0", "@lezer/highlight": "^1.0.0" } }, "sha512-N0SxazMj4k65DBfaf1azqtMZd6u7MqluP84/NZnB/io8Td9aleFmAhz9hcbvSfsxT5tdYlJ5qgv5aMJGY4zEtA=="],

    "@lezer/python": ["@lezer/python@1.1.19", "", { "dependencies": { "@lezer/common": "^1.2.0", "@lezer/highlight": "^1.0.0", "@lezer/lr": "^1.0.0" } }, "sha512-MhQIURHRytsNzP/YXnqpYKW6la6voAH3kyplTOOiCdjyFY6cWWGFVmYVdHIPrElqSDf4iCDktQCockB9FxuhzQ=="],

    "@marijn/find-cluster-break": ["@marijn/find-cluster-break@1.0.2", "", {}, "sha512-l0h88YhZFyKdXIFNfSWpyjStDjGHwZ/U7iobcK1cQQD8sejsONdQtTVU+1wVN1PBw40PiiHB1vA5S7VTfQiP9g=="],

    "@types/node": ["@types/node@25.0.6", "", { "dependencies": { "undici-types": "~7.16.0" } }, "sha512-NNu0sjyNxpoiW3YuVFfNz7mxSQ+S4X2G28uqg2s+CzoqoQjLPsWSbsFFyztIAqt2vb8kfEAsJNepMGPTxFDx3Q=="],

    "bun-types": ["bun-types@1.3.14", "", { "dependencies": { "@types/node": "*" } }, "sha512-4N0ig0fEomHt5R0KCFWjovxow98rIoRwKolrYdCcknNwMekCXRnWEUvgu5soYV8QXtVsrUD8B95MBOZGPvr6KQ=="],

    "codemirror": ["codemirror@6.0.2", "", { "dependencies": { "@codemirror/autocomplete": "^6.0.0", "@codemirror/commands": "^6.0.0", "@codemirror/language": "^6.0.0", "@codemirror/lint": "^6.0.0", "@codemirror/search": "^6.0.0", "@codemirror/state": "^6.0.0", "@codemirror/view": "^6.0.0" } }, "sha512-VhydHotNW5w1UGK0Qj96BwSk/Zqbp9WbnyK2W/eVMv4QyF41INRGpjUhFJY7/uDNuudSc33a/PKr4iDqRduvHw=="],

    "crelt": ["crelt@1.0.6", "", {}, "sha512-VQ2MBenTq1fWZUH9DJNGti7kKv6EeAuYr3cLwxUWhIu1baTaXh4Ib5W2CqHVqib4/MqbYGJqiL3Zb8GJZr3l4g=="],

    "hono": ["hono@4.12.26", "", {}, "sha512-uyZtpnYxM9CmQ7QsQknM4zN8EftNqhON1qYeIKM0Se67CCEe2c44xyGURwB0axX2fBDu1dqHrHAc1hmNT8ITkw=="],

    "style-mod": ["style-mod@4.1.3", "", {}, "sha512-i/n8VsZydrugj3Iuzll8+x/00GH2vnYsk1eomD8QiRrSAeW6ItbCQDtfXCeJHd0iwiNagqjQkvpvREEPtW3IoQ=="],

    "undici-types": ["undici-types@7.16.0", "", {}, "sha512-Zz+aZWSj8LE6zoxD+xrjh4VfkIG8Ya6LvYkZqtUQGJPZjYl53ypCaUwWqo7eI0x66KBGeRo+mlBEkMSeSZ38Nw=="],

    "w3c-keyname": ["w3c-keyname@2.2.8", "", {}, "sha512-dpojBhNsCNN7T82Tm7k26A6G9ML3NkhDsnw9n/eoxSRlVBB4CEtIQ/KTCLI2Fwf3ataSXRhYFkQi3SlnFwPvPQ=="],
  }
}
